
Microsoft Visual Studio Solution File, Format Version 12.00
# Visual Studio Version 17
VisualStudioVersion = 17.0.31903.59
MinimumVisualStudioVersion = 10.0.40219.1
Project("{FAE04EC0-301F-11D3-BF4B-00C04F79EFBC}") = "TokenBroker.API", "TokenBroker.API\TokenBroker.API.csproj", "{0D8EA185-336D-4F33-B4CD-16FB267EC756}"
EndProject
Project("{FAE04EC0-301F-11D3-BF4B-00C04F79EFBC}") = "TokenBroker.Domain", "TokenBroker.Domain\TokenBroker.Domain.csproj", "{7B7AF054-2C6A-42E3-BE75-4A12E7E171CC}"
EndProject
Project("{FAE04EC0-301F-11D3-BF4B-00C04F79EFBC}") = "TokenBroker.Application", "TokenBroker.Application\TokenBroker.Application.csproj", "{D34A18B9-56EC-4842-8A6F-2F0E37363231}"
EndProject
Project("{FAE04EC0-301F-11D3-BF4B-00C04F79EFBC}") = "TokenBroker.Infrastructure", "TokenBroker.Infrastructure\TokenBroker.Infrastructure.csproj", "{75C73D0A-8A56-4309-A14B-E3F098E1CED5}"
EndProject
Global
	GlobalSection(SolutionConfigurationPlatforms) = preSolution
		Debug|Any CPU = Debug|Any CPU
		Debug|x64 = Debug|x64
		Debug|x86 = Debug|x86
		Release|Any CPU = Release|Any CPU
		Release|x64 = Release|x64
		Release|x86 = Release|x86
	EndGlobalSection
	GlobalSection(ProjectConfigurationPlatforms) = postSolution
		{0D8EA185-336D-4F33-B4CD-16FB267EC756}.Debug|Any CPU.ActiveCfg = Debug|Any CPU
		{0D8EA185-336D-4F33-B4CD-16FB267EC756}.Debug|Any CPU.Build.0 = Debug|Any CPU
		{0D8EA185-336D-4F33-B4CD-16FB267EC756}.Debug|x64.ActiveCfg = Debug|Any CPU
		{0D8EA185-336D-4F33-B4CD-16FB267EC756}.Debug|x64.Build.0 = Debug|Any CPU
		{0D8EA185-336D-4F33-B4CD-16FB267EC756}.Debug|x86.ActiveCfg = Debug|Any CPU
		{0D8EA185-336D-4F33-B4CD-16FB267EC756}.Debug|x86.Build.0 = Debug|Any CPU
		{0D8EA185-336D-4F33-B4CD-16FB267EC756}.Release|Any CPU.ActiveCfg = Release|Any CPU
		{0D8EA185-336D-4F33-B4CD-16FB267EC756}.Release|Any CPU.Build.0 = Release|Any CPU
		{0D8EA185-336D-4F33-B4CD-16FB267EC756}.Release|x64.ActiveCfg = Release|Any CPU
		{0D8EA185-336D-4F33-B4CD-16FB267EC756}.Release|x64.Build.0 = Release|Any CPU
		{0D8EA185-336D-4F33-B4CD-16FB267EC756}.Release|x86.ActiveCfg = Release|Any CPU
		{0D8EA185-336D-4F33-B4CD-16FB267EC756}.Release|x86.Build.0 = Release|Any CPU
		{7B7AF054-2C6A-42E3-BE75-4A12E7E171CC}.Debug|Any CPU.ActiveCfg = Debug|Any CPU
		{7B7AF054-2C6A-42E3-BE75-4A12E7E171CC}.Debug|Any CPU.Build.0 = Debug|Any CPU
		{7B7AF054-2C6A-42E3-BE75-4A12E7E171CC}.Debug|x64.ActiveCfg = Debug|Any CPU
		{7B7AF054-2C6A-42E3-BE75-4A12E7E171CC}.Debug|x64.Build.0 = Debug|Any CPU
		{7B7AF054-2C6A-42E3-BE75-4A12E7E171CC}.Debug|x86.ActiveCfg = Debug|Any CPU
		{7B7AF054-2C6A-42E3-BE75-4A12E7E171CC}.Debug|x86.Build.0 = Debug|Any CPU
		{7B7AF054-2C6A-42E3-BE75-4A12E7E171CC}.Release|Any CPU.ActiveCfg = Release|Any CPU
		{7B7AF054-2C6A-42E3-BE75-4A12E7E171CC}.Release|Any CPU.Build.0 = Release|Any CPU
		{7B7AF054-2C6A-42E3-BE75-4A12E7E171CC}.Release|x64.ActiveCfg = Release|Any CPU
		{7B7AF054-2C6A-42E3-BE75-4A12E7E171CC}.Release|x64.Build.0 = Release|Any CPU
		{7B7AF054-2C6A-42E3-BE75-4A12E7E171CC}.Release|x86.ActiveCfg = Release|Any CPU
		{7B7AF054-2C6A-42E3-BE75-4A12E7E171CC}.Release|x86.Build.0 = Release|Any CPU
		{D34A18B9-56EC-4842-8A6F-2F0E37363231}.Debug|Any CPU.ActiveCfg = Debug|Any CPU
		{D34A18B9-56EC-4842-8A6F-2F0E37363231}.Debug|Any CPU.Build.0 = Debug|Any CPU
		{D34A18B9-56EC-4842-8A6F-2F0E37363231}.Debug|x64.ActiveCfg = Debug|Any CPU
		{D34A18B9-56EC-4842-8A6F-2F0E37363231}.Debug|x64.Build.0 = Debug|Any CPU
		{D34A18B9-56EC-4842-8A6F-2F0E37363231}.Debug|x86.ActiveCfg = Debug|Any CPU
		{D34A18B9-56EC-4842-8A6F-2F0E37363231}.Debug|x86.Build.0 = Debug|Any CPU
		{D34A18B9-56EC-4842-8A6F-2F0E37363231}.Release|Any CPU.ActiveCfg = Release|Any CPU
		{D34A18B9-56EC-4842-8A6F-2F0E37363231}.Release|Any CPU.Build.0 = Release|Any CPU
		{D34A18B9-56EC-4842-8A6F-2F0E37363231}.Release|x64.ActiveCfg = Release|Any CPU
		{D34A18B9-56EC-4842-8A6F-2F0E37363231}.Release|x64.Build.0 = Release|Any CPU
		{D34A18B9-56EC-4842-8A6F-2F0E37363231}.Release|x86.ActiveCfg = Release|Any CPU
		{D34A18B9-56EC-4842-8A6F-2F0E37363231}.Release|x86.Build.0 = Release|Any CPU
		{75C73D0A-8A56-4309-A14B-E3F098E1CED5}.Debug|Any CPU.ActiveCfg = Debug|Any CPU
		{75C73D0A-8A56-4309-A14B-E3F098E1CED5}.Debug|Any CPU.Build.0 = Debug|Any CPU
		{75C73D0A-8A56-4309-A14B-E3F098E1CED5}.Debug|x64.ActiveCfg = Debug|Any CPU
		{75C73D0A-8A56-4309-A14B-E3F098E1CED5}.Debug|x64.Build.0 = Debug|Any CPU
		{75C73D0A-8A56-4309-A14B-E3F098E1CED5}.Debug|x86.ActiveCfg = Debug|Any CPU
		{75C73D0A-8A56-4309-A14B-E3F098E1CED5}.Debug|x86.Build.0 = Debug|Any CPU
		{75C73D0A-8A56-4309-A14B-E3F098E1CED5}.Release|Any CPU.ActiveCfg = Release|Any CPU
		{75C73D0A-8A56-4309-A14B-E3F098E1CED5}.Release|Any CPU.Build.0 = Release|Any CPU
		{75C73D0A-8A56-4309-A14B-E3F098E1CED5}.Release|x64.ActiveCfg = Release|Any CPU
		{75C73D0A-8A56-4309-A14B-E3F098E1CED5}.Release|x64.Build.0 = Release|Any CPU
		{75C73D0A-8A56-4309-A14B-E3F098E1CED5}.Release|x86.ActiveCfg = Release|Any CPU
		{75C73D0A-8A56-4309-A14B-E3F098E1CED5}.Release|x86.Build.0 = Release|Any CPU
	EndGlobalSection
	GlobalSection(SolutionProperties) = preSolution
		HideSolutionNode = FALSE
	EndGlobalSection
EndGlobal
